
Microsoft Visual Studio Solution File, Format Version 12.00
# Visual Studio Version 17
VisualStudioVersion = 17.5.33516.290
MinimumVisualStudioVersion = 10.0.40219.1
Project("{FAE04EC0-301F-11D3-BF4B-00C04F79EFBC}") = "AoC2023", "solver\AoC2023.csproj", "{0734B06F-0C51-4D27-92B7-C6FD94BBF8E9}"
EndProject
Global
	GlobalSection(SolutionConfigurationPlatforms) = preSolution
		Debug|Any CPU = Debug|Any CPU
		Release|Any CPU = Release|Any CPU
	EndGlobalSection
	GlobalSection(ProjectConfigurationPlatforms) = postSolution
		{0734B06F-0C51-4D27-92B7-C6FD94BBF8E9}.Debug|Any CPU.ActiveCfg = Debug|Any CPU
		{0734B06F-0C51-4D27-92B7-C6FD94BBF8E9}.Debug|Any CPU.Build.0 = Debug|Any CPU
		{0734B06F-0C51-4D27-92B7-C6FD94BBF8E9}.Release|Any CPU.ActiveCfg = Release|Any CPU
		{0734B06F-0C51-4D27-92B7-C6FD94BBF8E9}.Release|Any CPU.Build.0 = Release|Any CPU
	EndGlobalSection
	GlobalSection(SolutionProperties) = preSolution
		HideSolutionNode = FALSE
	EndGlobalSection
	GlobalSection(ExtensibilityGlobals) = postSolution
		SolutionGuid = {C05C9777-7802-4C6D-A638-1C7DD7273119}
	EndGlobalSection
EndGlobal
